[[package]]
category = "dev"
description = "A small Python module for determining appropriate platform-specific dirs, e.g. a \"user data dir\"."
name = "appdirs"
optional = false
python-versions = "*"
version = "1.4.3"

[[package]]
category = "dev"
description = "Classes Without Boilerplate"
name = "attrs"
optional = false
python-versions = ">=2.7, !=3.0.*, !=3.1.*, !=3.2.*, !=3.3.*"
version = "19.3.0"

[package.extras]
azure-pipelines = ["coverage", "hypothesis", "pympler", "pytest (>=4.3.0)", "six", "zope.interface", "pytest-azurepipelines"]
dev = ["coverage", "hypothesis", "pympler", "pytest (>=4.3.0)", "six", "zope.interface", "sphinx", "pre-commit"]
docs = ["sphinx", "zope.interface"]
tests = ["coverage", "hypothesis", "pympler", "pytest (>=4.3.0)", "six", "zope.interface"]

[[package]]
category = "dev"
description = "The uncompromising code formatter."
name = "black"
optional = false
python-versions = ">=3.6"
version = "19.10b0"

[package.dependencies]
appdirs = "*"
attrs = ">=18.1.0"
click = ">=6.5"
pathspec = ">=0.6,<1"
regex = "*"
toml = ">=0.9.4"
typed-ast = ">=1.4.0"

[package.extras]
d = ["aiohttp (>=3.3.2)", "aiohttp-cors"]

[[package]]
category = "dev"
description = "Composable command line interface toolkit"
name = "click"
optional = false
python-versions = ">=2.7, !=3.0.*, !=3.1.*, !=3.2.*, !=3.3.*, !=3.4.*"
version = "7.1.1"

[[package]]
category = "main"
description = "Integrated process monitor for developing and reloading daemons."
name = "hupper"
optional = false
python-versions = ">=2.7,!=3.0.*,!=3.1.*,!=3.2.*,!=3.3.*"
version = "1.10.2"

[package.extras]
docs = ["watchdog", "sphinx", "pylons-sphinx-themes"]
testing = ["watchdog", "pytest", "pytest-cov", "mock"]

[[package]]
category = "dev"
description = "Optional static typing for Python"
name = "mypy"
optional = false
python-versions = ">=3.5"
version = "0.770"

[package.dependencies]
mypy-extensions = ">=0.4.3,<0.5.0"
typed-ast = ">=1.4.0,<1.5.0"
typing-extensions = ">=3.7.4"

[package.extras]
dmypy = ["psutil (>=4.0)"]

[[package]]
category = "dev"
description = "Experimental type system extensions for programs checked with the mypy typechecker."
name = "mypy-extensions"
optional = false
python-versions = "*"
version = "0.4.3"

[[package]]
category = "main"
description = "Load, configure, and compose WSGI applications and servers"
name = "pastedeploy"
optional = false
python-versions = "*"
version = "2.1.0"

[package.extras]
docs = ["Sphinx (>=1.7.5)", "pylons-sphinx-themes"]
paste = ["paste"]

[[package]]
category = "dev"
description = "Utility library for gitignore style pattern matching of file paths."
name = "pathspec"
optional = false
python-versions = ">=2.7, !=3.0.*, !=3.1.*, !=3.2.*, !=3.3.*, !=3.4.*"
version = "0.7.0"

[[package]]
category = "main"
description = "A loader interface around multiple config file formats."
name = "plaster"
optional = false
python-versions = ">=2.7,!=3.0.*,!=3.1.*,!=3.2.*,!=3.3.*"
version = "1.0"

[package.dependencies]
setuptools = "*"

[package.extras]
docs = ["sphinx", "pylons-sphinx-themes"]
testing = ["pytest", "pytest-cov"]

[[package]]
category = "main"
description = "A loader implementing the PasteDeploy syntax to be used by plaster."
name = "plaster-pastedeploy"
optional = false
python-versions = ">=2.7,!=3.0.*,!=3.1.*,!=3.2.*,!=3.3.*"
version = "0.7"

[package.dependencies]
PasteDeploy = ">=2.0"
plaster = ">=0.5"

[package.extras]
testing = ["pytest", "pytest-cov"]

[[package]]
category = "main"
description = "The Pyramid Web Framework, a Pylons project"
name = "pyramid"
optional = false
python-versions = ">=2.7,!=3.0.*,!=3.1.*,!=3.2.*,!=3.3.*"
version = "1.10.4"

[package.dependencies]
hupper = ">=1.5"
plaster = "*"
plaster-pastedeploy = "*"
setuptools = "*"
translationstring = ">=0.4"
venusian = ">=1.0"
webob = ">=1.8.3"
"zope.deprecation" = ">=3.5.0"
"zope.interface" = ">=3.8.0"

[package.extras]
docs = ["Sphinx (>=1.8.1)", "docutils", "pylons-sphinx-themes (>=1.0.8)", "pylons-sphinx-latesturl", "repoze.sphinx.autointerface", "sphinxcontrib-autoprogram"]
testing = ["webtest (>=1.3.1)", "zope.component (>=4.0)", "coverage", "nose", "virtualenv"]

[[package]]
category = "dev"
description = "Alternative regular expression module, to replace re."
name = "regex"
optional = false
python-versions = "*"
version = "2020.2.20"

[[package]]
category = "dev"
description = "Python Library for Tom's Obvious, Minimal Language"
name = "toml"
optional = false
python-versions = "*"
version = "0.10.0"

[[package]]
category = "main"
description = "Utility library for i18n relied on by various Repoze and Pyramid packages"
name = "translationstring"
optional = false
python-versions = "*"
version = "1.3"

[[package]]
category = "dev"
description = "a fork of Python 2 and 3 ast modules with type comment support"
name = "typed-ast"
optional = false
python-versions = "*"
version = "1.4.1"

[[package]]
category = "dev"
description = "Backported and Experimental Type Hints for Python 3.5+"
name = "typing-extensions"
optional = false
python-versions = "*"
version = "3.7.4.1"

[[package]]
category = "main"
description = "A library for deferring decorator actions"
name = "venusian"
optional = false
python-versions = ">=3.5"
version = "3.0.0"

[package.extras]
docs = ["sphinx", "repoze.sphinx.autointerface"]
testing = ["pytest", "pytest-cov", "coverage"]

[[package]]
category = "main"
description = "WSGI request and response object"
name = "webob"
optional = false
python-versions = ">=2.7,!=3.0.*,!=3.1.*,!=3.2.*"
version = "1.8.6"

[package.extras]
docs = ["Sphinx (>=1.7.5)", "pylons-sphinx-themes"]
testing = ["pytest (>=3.1.0)", "coverage", "pytest-cov", "pytest-xdist"]

[[package]]
category = "main"
description = "Zope Deprecation Infrastructure"
name = "zope.deprecation"
optional = false
python-versions = "*"
version = "4.4.0"

[package.dependencies]
setuptools = "*"

[package.extras]
docs = ["sphinx"]
test = ["zope.testrunner"]

[[package]]
category = "main"
description = "Interfaces for Python"
name = "zope.interface"
optional = false
python-versions = ">=2.7, !=3.0.*, !=3.1.*, !=3.2.*, !=3.3.*, !=3.4.*"
version = "5.0.1"

[package.dependencies]
setuptools = "*"

[package.extras]
docs = ["sphinx", "repoze.sphinx.autointerface"]
test = ["coverage (>=5.0.3)", "zope.event", "zope.testing"]
testing = ["coverage (>=5.0.3)", "zope.event", "zope.testing"]

[metadata]
content-hash = "5d2e7f8a0b032e3466d83247be660e085a0bb53b0320b90900bdcdd30cd90d45"
python-versions = "^3.8"

[metadata.files]
appdirs = [
    {file = "appdirs-1.4.3-py2.py3-none-any.whl", hash = "sha256:d8b24664561d0d34ddfaec54636d502d7cea6e29c3eaf68f3df6180863e2166e"},
    {file = "appdirs-1.4.3.tar.gz", hash = "sha256:9e5896d1372858f8dd3344faf4e5014d21849c756c8d5701f78f8a103b372d92"},
]
attrs = [
    {file = "attrs-19.3.0-py2.py3-none-any.whl", hash = "sha256:08a96c641c3a74e44eb59afb61a24f2cb9f4d7188748e76ba4bb5edfa3cb7d1c"},
    {file = "attrs-19.3.0.tar.gz", hash = "sha256:f7b7ce16570fe9965acd6d30101a28f62fb4a7f9e926b3bbc9b61f8b04247e72"},
]
black = [
    {file = "black-19.10b0-py36-none-any.whl", hash = "sha256:1b30e59be925fafc1ee4565e5e08abef6b03fe455102883820fe5ee2e4734e0b"},
    {file = "black-19.10b0.tar.gz", hash = "sha256:c2edb73a08e9e0e6f65a0e6af18b059b8b1cdd5bef997d7a0b181df93dc81539"},
]
click = [
    {file = "click-7.1.1-py2.py3-none-any.whl", hash = "sha256:e345d143d80bf5ee7534056164e5e112ea5e22716bbb1ce727941f4c8b471b9a"},
    {file = "click-7.1.1.tar.gz", hash = "sha256:8a18b4ea89d8820c5d0c7da8a64b2c324b4dabb695804dbfea19b9be9d88c0cc"},
]
hupper = [
    {file = "hupper-1.10.2-py2.py3-none-any.whl", hash = "sha256:5de835f3b58324af2a8a16f52270c4d1a3d1734c45eed94b77fd622aea737f29"},
    {file = "hupper-1.10.2.tar.gz", hash = "sha256:3818f53dabc24da66f65cf4878c1c7a9b5df0c46b813e014abdd7c569eb9a02a"},
]
mypy = [
    {file = "mypy-0.770-cp35-cp35m-macosx_10_6_x86_64.whl", hash = "sha256:a34b577cdf6313bf24755f7a0e3f3c326d5c1f4fe7422d1d06498eb25ad0c600"},
    {file = "mypy-0.770-cp35-cp35m-manylinux1_x86_64.whl", hash = "sha256:86c857510a9b7c3104cf4cde1568f4921762c8f9842e987bc03ed4f160925754"},
    {file = "mypy-0.770-cp35-cp35m-win_amd64.whl", hash = "sha256:a8ffcd53cb5dfc131850851cc09f1c44689c2812d0beb954d8138d4f5fc17f65"},
    {file = "mypy-0.770-cp36-cp36m-macosx_10_6_x86_64.whl", hash = "sha256:7687f6455ec3ed7649d1ae574136835a4272b65b3ddcf01ab8704ac65616c5ce"},
    {file = "mypy-0.770-cp36-cp36m-manylinux1_x86_64.whl", hash = "sha256:3beff56b453b6ef94ecb2996bea101a08f1f8a9771d3cbf4988a61e4d9973761"},
    {file = "mypy-0.770-cp36-cp36m-win_amd64.whl", hash = "sha256:15b948e1302682e3682f11f50208b726a246ab4e6c1b39f9264a8796bb416aa2"},
    {file = "mypy-0.770-cp37-cp37m-macosx_10_6_x86_64.whl", hash = "sha256:b90928f2d9eb2f33162405f32dde9f6dcead63a0971ca8a1b50eb4ca3e35ceb8"},
    {file = "mypy-0.770-cp37-cp37m-manylinux1_x86_64.whl", hash = "sha256:c56ffe22faa2e51054c5f7a3bc70a370939c2ed4de308c690e7949230c995913"},
    {file = "mypy-0.770-cp37-cp37m-win_amd64.whl", hash = "sha256:8dfb69fbf9f3aeed18afffb15e319ca7f8da9642336348ddd6cab2713ddcf8f9"},
    {file = "mypy-0.770-cp38-cp38-macosx_10_9_x86_64.whl", hash = "sha256:219a3116ecd015f8dca7b5d2c366c973509dfb9a8fc97ef044a36e3da66144a1"},
    {file = "mypy-0.770-cp38-cp38-manylinux1_x86_64.whl", hash = "sha256:7ec45a70d40ede1ec7ad7f95b3c94c9cf4c186a32f6bacb1795b60abd2f9ef27"},
    {file = "mypy-0.770-cp38-cp38-win_amd64.whl", hash = "sha256:f91c7ae919bbc3f96cd5e5b2e786b2b108343d1d7972ea130f7de27fdd547cf3"},
    {file = "mypy-0.770-py3-none-any.whl", hash = "sha256:3b1fc683fb204c6b4403a1ef23f0b1fac8e4477091585e0c8c54cbdf7d7bb164"},
    {file = "mypy-0.770.tar.gz", hash = "sha256:8a627507ef9b307b46a1fea9513d5c98680ba09591253082b4c48697ba05a4ae"},
]
mypy-extensions = [
    {file = "mypy_extensions-0.4.3-py2.py3-none-any.whl", hash = "sha256:090fedd75945a69ae91ce1303b5824f428daf5a028d2f6ab8a299250a846f15d"},
    {file = "mypy_extensions-0.4.3.tar.gz", hash = "sha256:2d82818f5bb3e369420cb3c4060a7970edba416647068eb4c5343488a6c604a8"},
]
pastedeploy = [
    {file = "PasteDeploy-2.1.0-py2.py3-none-any.whl", hash = "sha256:bc6578735a32c77435a3e0769426983d3df6dc53a7229290c495ec10aefb81a5"},
    {file = "PasteDeploy-2.1.0.tar.gz", hash = "sha256:e7559878b6e92023041484be9bcb6d767cf4492fc3de7257a5dae76a7cc11a9b"},
]
pathspec = [
    {file = "pathspec-0.7.0-py2.py3-none-any.whl", hash = "sha256:163b0632d4e31cef212976cf57b43d9fd6b0bac6e67c26015d611a647d5e7424"},
    {file = "pathspec-0.7.0.tar.gz", hash = "sha256:562aa70af2e0d434367d9790ad37aed893de47f1693e4201fd1d3dca15d19b96"},
]
plaster = [
    {file = "plaster-1.0-py2.py3-none-any.whl", hash = "sha256:215c921a438b5349931fd7df9a5a11a3572947f20f4bc6dd622ac08f1c3ba249"},
    {file = "plaster-1.0.tar.gz", hash = "sha256:8351c7c7efdf33084c1de88dd0f422cbe7342534537b553c49b857b12d98c8c3"},
]
plaster-pastedeploy = [
    {file = "plaster_pastedeploy-0.7-py2.py3-none-any.whl", hash = "sha256:7c8aa37c917b615c70bf942b24dc1e0455c49f62f1a2214b1a0dd98871644bbb"},
    {file = "plaster_pastedeploy-0.7.tar.gz", hash = "sha256:391d93a4e1ff81fc3bae27508ebb765b61f1724ae6169f83577f06b6357be7fd"},
]
pyramid = [
    {file = "pyramid-1.10.4-py2.py3-none-any.whl", hash = "sha256:51bf64647345237c00d2fe558935e0e4938c156e29f17e203457fd8e1d757dc7"},
    {file = "pyramid-1.10.4.tar.gz", hash = "sha256:d80ccb8cfa550139b50801591d4ca8a5575334adb493c402fce2312f55d07d66"},
]
regex = [
    {file = "regex-2020.2.20-cp27-cp27m-win32.whl", hash = "sha256:99272d6b6a68c7ae4391908fc15f6b8c9a6c345a46b632d7fdb7ef6c883a2bbb"},
    {file = "regex-2020.2.20-cp27-cp27m-win_amd64.whl", hash = "sha256:974535648f31c2b712a6b2595969f8ab370834080e00ab24e5dbb9d19b8bfb74"},
    {file = "regex-2020.2.20-cp36-cp36m-manylinux1_i686.whl", hash = "sha256:5de40649d4f88a15c9489ed37f88f053c15400257eeb18425ac7ed0a4e119400"},
    {file = "regex-2020.2.20-cp36-cp36m-manylinux1_x86_64.whl", hash = "sha256:82469a0c1330a4beb3d42568f82dffa32226ced006e0b063719468dcd40ffdf0"},
    {file = "regex-2020.2.20-cp36-cp36m-manylinux2010_i686.whl", hash = "sha256:d58a4fa7910102500722defbde6e2816b0372a4fcc85c7e239323767c74f5cbc"},
    {file = "regex-2020.2.20-cp36-cp36m-manylinux2010_x86_64.whl", hash = "sha256:f1ac2dc65105a53c1c2d72b1d3e98c2464a133b4067a51a3d2477b28449709a0"},
    {file = "regex-2020.2.20-cp36-cp36m-win32.whl", hash = "sha256:8c2b7fa4d72781577ac45ab658da44c7518e6d96e2a50d04ecb0fd8f28b21d69"},
    {file = "regex-2020.2.20-cp36-cp36m-win_amd64.whl", hash = "sha256:269f0c5ff23639316b29f31df199f401e4cb87529eafff0c76828071635d417b"},
    {file = "regex-2020.2.20-cp37-cp37m-manylinux1_i686.whl", hash = "sha256:bed7986547ce54d230fd8721aba6fd19459cdc6d315497b98686d0416efaff4e"},
    {file = "regex-2020.2.20-cp37-cp37m-manylinux1_x86_64.whl", hash = "sha256:046e83a8b160aff37e7034139a336b660b01dbfe58706f9d73f5cdc6b3460242"},
    {file = "regex-2020.2.20-cp37-cp37m-manylinux2010_i686.whl", hash = "sha256:b33ebcd0222c1d77e61dbcd04a9fd139359bded86803063d3d2d197b796c63ce"},
    {file = "regex-2020.2.20-cp37-cp37m-manylinux2010_x86_64.whl", hash = "sha256:bba52d72e16a554d1894a0cc74041da50eea99a8483e591a9edf1025a66843ab"},
    {file = "regex-2020.2.20-cp37-cp37m-win32.whl", hash = "sha256:01b2d70cbaed11f72e57c1cfbaca71b02e3b98f739ce33f5f26f71859ad90431"},
    {file = "regex-2020.2.20-cp37-cp37m-win_amd64.whl", hash = "sha256:113309e819634f499d0006f6200700c8209a2a8bf6bd1bdc863a4d9d6776a5d1"},
    {file = "regex-2020.2.20-cp38-cp38-manylinux1_i686.whl", hash = "sha256:25f4ce26b68425b80a233ce7b6218743c71cf7297dbe02feab1d711a2bf90045"},
    {file = "regex-2020.2.20-cp38-cp38-manylinux1_x86_64.whl", hash = "sha256:9b64a4cc825ec4df262050c17e18f60252cdd94742b4ba1286bcfe481f1c0f26"},
    {file = "regex-2020.2.20-cp38-cp38-manylinux2010_i686.whl", hash = "sha256:9ff16d994309b26a1cdf666a6309c1ef51ad4f72f99d3392bcd7b7139577a1f2"},
    {file = "regex-2020.2.20-cp38-cp38-manylinux2010_x86_64.whl", hash = "sha256:c7f58a0e0e13fb44623b65b01052dae8e820ed9b8b654bb6296bc9c41f571b70"},
    {file = "regex-2020.2.20-cp38-cp38-win32.whl", hash = "sha256:200539b5124bc4721247a823a47d116a7a23e62cc6695744e3eb5454a8888e6d"},
    {file = "regex-2020.2.20-cp38-cp38-win_amd64.whl", hash = "sha256:7f78f963e62a61e294adb6ff5db901b629ef78cb2a1cfce3cf4eeba80c1c67aa"},
    {file = "regex-2020.2.20.tar.gz", hash = "sha256:9e9624440d754733eddbcd4614378c18713d2d9d0dc647cf9c72f64e39671be5"},
]
toml = [
    {file = "toml-0.10.0-py2.7.egg", hash = "sha256:f1db651f9657708513243e61e6cc67d101a39bad662eaa9b5546f789338e07a3"},
    {file = "toml-0.10.0-py2.py3-none-any.whl", hash = "sha256:235682dd292d5899d361a811df37e04a8828a5b1da3115886b73cf81ebc9100e"},
    {file = "toml-0.10.0.tar.gz", hash = "sha256:229f81c57791a41d65e399fc06bf0848bab550a9dfd5ed66df18ce5f05e73d5c"},
]
translationstring = [
    {file = "translationstring-1.3-py2.py3-none-any.whl", hash = "sha256:e26c7bf383413234ed442e0980a2ebe192b95e3745288a8fd2805156d27515b4"},
    {file = "translationstring-1.3.tar.gz", hash = "sha256:4ee44cfa58c52ade8910ea0ebc3d2d84bdcad9fa0422405b1801ec9b9a65b72d"},
]
typed-ast = [
    {file = "typed_ast-1.4.1-cp35-cp35m-manylinux1_i686.whl", hash = "sha256:73d785a950fc82dd2a25897d525d003f6378d1cb23ab305578394694202a58c3"},
    {file = "typed_ast-1.4.1-cp35-cp35m-manylinux1_x86_64.whl", hash = "sha256:aaee9905aee35ba5905cfb3c62f3e83b3bec7b39413f0a7f19be4e547ea01ebb"},
    {file = "typed_ast-1.4.1-cp35-cp35m-win32.whl", hash = "sha256:0c2c07682d61a629b68433afb159376e24e5b2fd4641d35424e462169c0a7919"},
    {file = "typed_ast-1.4.1-cp35-cp35m-win_amd64.whl", hash = "sha256:4083861b0aa07990b619bd7ddc365eb7fa4b817e99cf5f8d9cf21a42780f6e01"},
    {file = "typed_ast-1.4.1-cp36-cp36m-macosx_10_9_x86_64.whl", hash = "sha256:269151951236b0f9a6f04015a9004084a5ab0d5f19b57de779f908621e7d8b75"},
    {file = "typed_ast-1.4.1-cp36-cp36m-manylinux1_i686.whl", hash = "sha256:24995c843eb0ad11a4527b026b4dde3da70e1f2d8806c99b7b4a7cf491612652"},
    {file = "typed_ast-1.4.1-cp36-cp36m-manylinux1_x86_64.whl", hash = "sha256:fe460b922ec15dd205595c9b5b99e2f056fd98ae8f9f56b888e7a17dc2b757e7"},
    {file = "typed_ast-1.4.1-cp36-cp36m-win32.whl", hash = "sha256:4e3e5da80ccbebfff202a67bf900d081906c358ccc3d5e3c8aea42fdfdfd51c1"},
    {file = "typed_ast-1.4.1-cp36-cp36m-win_amd64.whl", hash = "sha256:249862707802d40f7f29f6e1aad8d84b5aa9e44552d2cc17384b209f091276aa"},
    {file = "typed_ast-1.4.1-cp37-cp37m-macosx_10_9_x86_64.whl", hash = "sha256:8ce678dbaf790dbdb3eba24056d5364fb45944f33553dd5869b7580cdbb83614"},
    {file = "typed_ast-1.4.1-cp37-cp37m-manylinux1_i686.whl", hash = "sha256:c9e348e02e4d2b4a8b2eedb48210430658df6951fa484e59de33ff773fbd4b41"},
    {file = "typed_ast-1.4.1-cp37-cp37m-manylinux1_x86_64.whl", hash = "sha256:bcd3b13b56ea479b3650b82cabd6b5343a625b0ced5429e4ccad28a8973f301b"},
    {file = "typed_ast-1.4.1-cp37-cp37m-win32.whl", hash = "sha256:d5d33e9e7af3b34a40dc05f498939f0ebf187f07c385fd58d591c533ad8562fe"},
    {file = "typed_ast-1.4.1-cp37-cp37m-win_amd64.whl", hash = "sha256:0666aa36131496aed8f7be0410ff974562ab7eeac11ef351def9ea6fa28f6355"},
    {file = "typed_ast-1.4.1-cp38-cp38-macosx_10_15_x86_64.whl", hash = "sha256:d205b1b46085271b4e15f670058ce182bd1199e56b317bf2ec004b6a44f911f6"},
    {file = "typed_ast-1.4.1-cp38-cp38-manylinux1_i686.whl", hash = "sha256:6daac9731f172c2a22ade6ed0c00197ee7cc1221aa84cfdf9c31defeb059a907"},
    {file = "typed_ast-1.4.1-cp38-cp38-manylinux1_x86_64.whl", hash = "sha256:498b0f36cc7054c1fead3d7fc59d2150f4d5c6c56ba7fb150c013fbc683a8d2d"},
    {file = "typed_ast-1.4.1-cp38-cp38-win32.whl", hash = "sha256:715ff2f2df46121071622063fc7543d9b1fd19ebfc4f5c8895af64a77a8c852c"},
    {file = "typed_ast-1.4.1-cp38-cp38-win_amd64.whl", hash = "sha256:fc0fea399acb12edbf8a628ba8d2312f583bdbdb3335635db062fa98cf71fca4"},
    {file = "typed_ast-1.4.1-cp39-cp39-macosx_10_15_x86_64.whl", hash = "sha256:d43943ef777f9a1c42bf4e552ba23ac77a6351de620aa9acf64ad54933ad4d34"},
    {file = "typed_ast-1.4.1.tar.gz", hash = "sha256:8c8aaad94455178e3187ab22c8b01a3837f8ee50e09cf31f1ba129eb293ec30b"},
]
typing-extensions = [
    {file = "typing_extensions-3.7.4.1-py2-none-any.whl", hash = "sha256:910f4656f54de5993ad9304959ce9bb903f90aadc7c67a0bef07e678014e892d"},
    {file = "typing_extensions-3.7.4.1-py3-none-any.whl", hash = "sha256:cf8b63fedea4d89bab840ecbb93e75578af28f76f66c35889bd7065f5af88575"},
    {file = "typing_extensions-3.7.4.1.tar.gz", hash = "sha256:091ecc894d5e908ac75209f10d5b4f118fbdb2eb1ede6a63544054bb1edb41f2"},
]
venusian = [
    {file = "venusian-3.0.0-py3-none-any.whl", hash = "sha256:06e7385786ad3a15c70740b2af8d30dfb063a946a851dcb4159f9e2a2302578f"},
    {file = "venusian-3.0.0.tar.gz", hash = "sha256:f6842b7242b1039c0c28f6feef29016e7e7dd3caaeb476a193acf737db31ee38"},
]
webob = [
    {file = "WebOb-1.8.6-py2.py3-none-any.whl", hash = "sha256:a3c89a8e9ba0aeb17382836cdb73c516d0ecf6630ec40ec28288f3ed459ce87b"},
    {file = "WebOb-1.8.6.tar.gz", hash = "sha256:aa3a917ed752ba3e0b242234b2a373f9c4e2a75d35291dcbe977649bd21fd108"},
]
"zope.deprecation" = [
    {file = "zope.deprecation-4.4.0-py2.py3-none-any.whl", hash = "sha256:f1480b74995958b24ce37b0ef04d3663d2683e5d6debc96726eff18acf4ea113"},
    {file = "zope.deprecation-4.4.0.tar.gz", hash = "sha256:0d453338f04bacf91bbfba545d8bcdf529aa829e67b705eac8c1a7fdce66e2df"},
]
"zope.interface" = [
    {file = "zope.interface-5.0.1-cp27-cp27m-manylinux1_i686.whl", hash = "sha256:c43aad4ef895e9b5447045f3aa7bce39da271d6c2895b1cb7b4cf752210226fa"},
    {file = "zope.interface-5.0.1-cp27-cp27m-manylinux1_x86_64.whl", hash = "sha256:9356ec81e4660b7507ffbc57c7629c187ca85e51e39b1d1fd590d223ce738dbe"},
    {file = "zope.interface-5.0.1-cp27-cp27m-manylinux2010_i686.whl", hash = "sha256:45f19b80ef03e5be144a21ab1c592368f001bbe47103b592e17218a201446c6b"},
    {file = "zope.interface-5.0.1-cp27-cp27m-manylinux2010_x86_64.whl", hash = "sha256:a2f05a27b612186787f3addb65fb144ff27a6a66b5001010d0daeb4c2eb14145"},
    {file = "zope.interface-5.0.1-cp27-cp27m-win32.whl", hash = "sha256:126295492a6481d508d1ec06301f05ddec00079907c11851babefe1123ade7e6"},
    {file = "zope.interface-5.0.1-cp27-cp27m-win_amd64.whl", hash = "sha256:51df4554325a614bca28ecd1dffd6c538dee2427d322b6f0f38283fbc04ee17c"},
    {file = "zope.interface-5.0.1-cp27-cp27mu-manylinux1_i686.whl", hash = "sha256:194795548ce9190004993d7adbc8e1795c75110771dc2068d3b8d0788499dcbb"},
    {file = "zope.interface-5.0.1-cp27-cp27mu-manylinux1_x86_64.whl", hash = "sha256:e37b3471a811103a916341755cc2cc3c55223202f4b84a640a6c2e60ca869b2a"},
    {file = "zope.interface-5.0.1-cp27-cp27mu-manylinux2010_i686.whl", hash = "sha256:979a05c338fadaef2bb470b2aef31255dc0f43476061a44988384307995d9f7a"},
    {file = "zope.interface-5.0.1-cp27-cp27mu-manylinux2010_x86_64.whl", hash = "sha256:3e9ff47755a842b61e2d86c898071564761ffa5951b87acafe76190e04486e8f"},
    {file = "zope.interface-5.0.1-cp35-cp35m-manylinux1_i686.whl", hash = "sha256:b8720247c6244d772c7b911b89a516f856ac5d41f942c9b3c45b1ee9bdbbf370"},
    {file = "zope.interface-5.0.1-cp35-cp35m-manylinux1_x86_64.whl", hash = "sha256:6afec58c1c09509fd2510e3b6568461f44c2d49130e73a774a59e411f693a903"},
    {file = "zope.interface-5.0.1-cp35-cp35m-manylinux2010_i686.whl", hash = "sha256:97d13f61a986e089a2dab19c3b5233705cc92d3dccba0b4db9689b5be2ef4eca"},
    {file = "zope.interface-5.0.1-cp35-cp35m-manylinux2010_x86_64.whl", hash = "sha256:36c98098fdce470ee8b36f7a4b1d60eec34239e487edef323a2fdba52e94586f"},
    {file = "zope.interface-5.0.1-cp35-cp35m-win32.whl", hash = "sha256:7b554935b8a6442d26f88c414e97d52b22316c15402718ce66b870ee9bb8ed1c"},
    {file = "zope.interface-5.0.1-cp35-cp35m-win_amd64.whl", hash = "sha256:28e6d11e37eb33f8d7f391e6b43adfd63326bb3f5471ba541bb994758daebf57"},
    {file = "zope.interface-5.0.1-cp36-cp36m-manylinux1_i686.whl", hash = "sha256:284eae159856673db576c0db618c3a18129ee97243ab2c65b2377e8f75a2b37b"},
    {file = "zope.interface-5.0.1-cp36-cp36m-manylinux1_x86_64.whl", hash = "sha256:79616f2f9a000610cd838f4ba22ee36af8fa4c67f1c39524aeace05e3c82fe3a"},
    {file = "zope.interface-5.0.1-cp36-cp36m-manylinux2010_i686.whl", hash = "sha256:2789ed1b3f5321924212666ec93fbba8eee72ec01b1bd9ba2976ab3465bcb6a1"},
    {file = "zope.interface-5.0.1-cp36-cp36m-manylinux2010_x86_64.whl", hash = "sha256:6c9d257b4a913352ca72bdcc3dc4bf1158349e8f9aedfeab97b1eb8888fbade5"},
    {file = "zope.interface-5.0.1-cp36-cp36m-win32.whl", hash = "sha256:5d216d7f228bcc556c2d6358bf5f5e0b743fe2c6d61106562ff7c4d6d3bb59f0"},
    {file = "zope.interface-5.0.1-cp36-cp36m-win_amd64.whl", hash = "sha256:f4c516595d00599e8057146ebab9b68a726a6233ef20760c2f16d0340a79776c"},
    {file = "zope.interface-5.0.1-cp37-cp37m-manylinux1_i686.whl", hash = "sha256:95af7f309f9b05d2abcff900e5d832d5c4cf7bb692ebd7ee131f765f86c1cbd9"},
    {file = "zope.interface-5.0.1-cp37-cp37m-manylinux1_x86_64.whl", hash = "sha256:ec2cebff8e4ee8e7fdff28bb0e22be38027de7f49c48868a73620f48f72afa9a"},
    {file = "zope.interface-5.0.1-cp37-cp37m-manylinux2010_i686.whl", hash = "sha256:e039c81d9e7e2e6ec4306c7d8b49aa21dd087571fba01ea398b36649acea5391"},
    {file = "zope.interface-5.0.1-cp37-cp37m-manylinux2010_x86_64.whl", hash = "sha256:a1a757e199fc77fea6f293f8bdeb1b2b244ba015bb829aeba350c7c55789fb95"},
    {file = "zope.interface-5.0.1-cp37-cp37m-win32.whl", hash = "sha256:07afd6f3f5054962661b25307c9a1ce1684f7c7c3bf052f082305b124f918ffb"},
    {file = "zope.interface-5.0.1-cp37-cp37m-win_amd64.whl", hash = "sha256:5dd85e1f491fc3ae38861f845aa55f261316e26bed460f27cf0744a2cd127870"},
    {file = "zope.interface-5.0.1-cp38-cp38-manylinux1_i686.whl", hash = "sha256:a67f8e3eadfb1280c286342852d2ee4cfeb4fe469c2585fd26c8aa47aae73c95"},
    {file = "zope.interface-5.0.1-cp38-cp38-manylinux1_x86_64.whl", hash = "sha256:1f2700a02e2123daddc0f8eb698a7002864e5e230c0a48236d07f703917adf64"},
    {file = "zope.interface-5.0.1-cp38-cp38-manylinux2010_i686.whl", hash = "sha256:e52ceb49161c1f5acd653d4558523c87d1458db3c662913a72ced041f7ebe5ef"},
    {file = "zope.interface-5.0.1-cp38-cp38-manylinux2010_x86_64.whl", hash = "sha256:4c3f5ef617a93c4c9b996a7baa24aca489b5d9895ef9808044f56b2fd1fff71d"},
    {file = "zope.interface-5.0.1-cp38-cp38-win32.whl", hash = "sha256:3c1cb55dcd159075af69f40e048cd05ad31b443f832c78de4f81bb5ff313a30d"},
    {file = "zope.interface-5.0.1-cp38-cp38-win_amd64.whl", hash = "sha256:e5a788384d39179533b63bde5aff56a2e26c194e6142d6ecb29e7127b145e2ac"},
    {file = "zope.interface-5.0.1.tar.gz", hash = "sha256:dd0bc4016ec9ffa6d327bf3ba2f044c3ff376880661e5cc38c622e1ae023076f"},
]
